
Microsoft Visual Studio Solution File, Format Version 12.00
# Visual Studio Version 17
VisualStudioVersion = 17.1.32407.343
MinimumVisualStudioVersion = 10.0.40219.1
Project("{FAE04EC0-301F-11D3-BF4B-00C04F79EFBC}") = "ConsoleUI", "ConsoleUI\ConsoleUI.csproj", "{D9769236-E09A-4763-9AAA-4A81CC88735E}"
EndProject
Project("{FAE04EC0-301F-11D3-BF4B-00C04F79EFBC}") = "GarageLogic", "GarageLogic\GarageLogic.csproj", "{C062AAD7-D7C7-4EAC-A7F5-CA50ED76B6DE}"
EndProject
Global
	GlobalSection(SolutionConfigurationPlatforms) = preSolution
		Debug|Any CPU = Debug|Any CPU
		Release|Any CPU = Release|Any CPU
	EndGlobalSection
	GlobalSection(ProjectConfigurationPlatforms) = postSolution
		{D9769236-E09A-4763-9AAA-4A81CC88735E}.Debug|Any CPU.ActiveCfg = Debug|Any CPU
		{D9769236-E09A-4763-9AAA-4A81CC88735E}.Debug|Any CPU.Build.0 = Debug|Any CPU
		{D9769236-E09A-4763-9AAA-4A81CC88735E}.Release|Any CPU.ActiveCfg = Release|Any CPU
		{D9769236-E09A-4763-9AAA-4A81CC88735E}.Release|Any CPU.Build.0 = Release|Any CPU
		{C062AAD7-D7C7-4EAC-A7F5-CA50ED76B6DE}.Debug|Any CPU.ActiveCfg = Debug|Any CPU
		{C062AAD7-D7C7-4EAC-A7F5-CA50ED76B6DE}.Debug|Any CPU.Build.0 = Debug|Any CPU
		{C062AAD7-D7C7-4EAC-A7F5-CA50ED76B6DE}.Release|Any CPU.ActiveCfg = Release|Any CPU
		{C062AAD7-D7C7-4EAC-A7F5-CA50ED76B6DE}.Release|Any CPU.Build.0 = Release|Any CPU
	EndGlobalSection
	GlobalSection(SolutionProperties) = preSolution
		HideSolutionNode = FALSE
	EndGlobalSection
	GlobalSection(ExtensibilityGlobals) = postSolution
		SolutionGuid = {3A92DF40-7B04-460D-851E-7C655F2C084F}
	EndGlobalSection
EndGlobal
